# This file is generated by running "yarn install" inside your project.
# Manual changes might be lost - proceed with caution!

__metadata:
  version: 6
  cacheKey: 8

"@socket.io/component-emitter@npm:~3.1.0":
  version: 3.1.0
  resolution: "@socket.io/component-emitter@npm:3.1.0"
  checksum: db069d95425b419de1514dffe945cc439795f6a8ef5b9465715acf5b8b50798e2c91b8719cbf5434b3fe7de179d6cdcd503c277b7871cb3dd03febb69bdd50fa
  languageName: node
  linkType: hard

"@types/cookie@npm:^0.4.1":
  version: 0.4.1
  resolution: "@types/cookie@npm:0.4.1"
  checksum: 3275534ed69a76c68eb1a77d547d75f99fedc80befb75a3d1d03662fb08d697e6f8b1274e12af1a74c6896071b11510631ba891f64d30c78528d0ec45a9c1a18
  languageName: node
  linkType: hard

"@types/cors@npm:^2.8.12":
  version: 2.8.13
  resolution: "@types/cors@npm:2.8.13"
  dependencies:
    "@types/node": "*"
  checksum: 7ef197ea19d2e5bf1313b8416baa6f3fd6dd887fd70191da1f804f557395357dafd8bc8bed0ac60686923406489262a7c8a525b55748f7b2b8afa686700de907
  languageName: node
  linkType: hard

"@types/node@npm:*, @types/node@npm:>=10.0.0":
  version: 18.15.11
  resolution: "@types/node@npm:18.15.11"
  checksum: 977b4ad04708897ff0eb049ecf82246d210939c82461922d20f7d2dcfd81bbc661582ba3af28869210f7e8b1934529dcd46bff7d448551400f9d48b9d3bddec3
  languageName: node
  linkType: hard

"accepts@npm:~1.3.4":
  version: 1.3.8
  resolution: "accepts@npm:1.3.8"
  dependencies:
    mime-types: ~2.1.34
    negotiator: 0.6.3
  checksum: 50c43d32e7b50285ebe84b613ee4a3aa426715a7d131b65b786e2ead0fd76b6b60091b9916d3478a75f11f162628a2139991b6c03ab3f1d9ab7c86075dc8eab4
  languageName: node
  linkType: hard

"base64id@npm:2.0.0, base64id@npm:~2.0.0":
  version: 2.0.0
  resolution: "base64id@npm:2.0.0"
  checksum: 581b1d37e6cf3738b7ccdd4d14fe2bfc5c238e696e2720ee6c44c183b838655842e22034e53ffd783f872a539915c51b0d4728a49c7cc678ac5a758e00d62168
  languageName: node
  linkType: hard

"cookie@npm:~0.4.1":
  version: 0.4.2
  resolution: "cookie@npm:0.4.2"
  checksum: a00833c998bedf8e787b4c342defe5fa419abd96b32f4464f718b91022586b8f1bafbddd499288e75c037642493c83083da426c6a9080d309e3bd90fd11baa9b
  languageName: node
  linkType: hard

"cors@npm:~2.8.5":
  version: 2.8.5
  resolution: "cors@npm:2.8.5"
  dependencies:
    object-assign: ^4
    vary: ^1
  checksum: ced838404ccd184f61ab4fdc5847035b681c90db7ac17e428f3d81d69e2989d2b680cc254da0e2554f5ed4f8a341820a1ce3d1c16b499f6e2f47a1b9b07b5006
  languageName: node
  linkType: hard

"debug@npm:~4.3.1, debug@npm:~4.3.2":
  version: 4.3.4
  resolution: "debug@npm:4.3.4"
  dependencies:
    ms: 2.1.2
  peerDependenciesMeta:
    supports-color:
      optional: true
  checksum: 3dbad3f94ea64f34431a9cbf0bafb61853eda57bff2880036153438f50fb5a84f27683ba0d8e5426bf41a8c6ff03879488120cf5b3a761e77953169c0600a708
  languageName: node
  linkType: hard

"engine.io-parser@npm:~5.0.3":
  version: 5.0.6
  resolution: "engine.io-parser@npm:5.0.6"
  checksum: e92255b5463593cafe6cdc90577f107b39056c9c9337a8ee3477cb274337da1fe4ff53e9b3ad59d0478878e1d55ab15e973e2a91d0334d25ea99d8d6f8032f26
  languageName: node
  linkType: hard

"engine.io@npm:~6.4.1":
  version: 6.4.1
  resolution: "engine.io@npm:6.4.1"
  dependencies:
    "@types/cookie": ^0.4.1
    "@types/cors": ^2.8.12
    "@types/node": ">=10.0.0"
    accepts: ~1.3.4
    base64id: 2.0.0
    cookie: ~0.4.1
    cors: ~2.8.5
    debug: ~4.3.1
    engine.io-parser: ~5.0.3
    ws: ~8.11.0
  checksum: b3921c35911d18b851153b97c1ad49f24ae068f01ddc17cd4d40b47a581d1317a8a1ed62665f63d07d076366b926b08a185d672573fedd186ee3304f9fa542d2
  languageName: node
  linkType: hard

"game-backend@workspace:.":
  version: 0.0.0-use.local
  resolution: "game-backend@workspace:."
  dependencies:
    socket.io: ^4.6.1
  languageName: unknown
  linkType: soft

"mime-db@npm:1.52.0":
  version: 1.52.0
  resolution: "mime-db@npm:1.52.0"
  checksum: 0d99a03585f8b39d68182803b12ac601d9c01abfa28ec56204fa330bc9f3d1c5e14beb049bafadb3dbdf646dfb94b87e24d4ec7b31b7279ef906a8ea9b6a513f
  languageName: node
  linkType: hard

"mime-types@npm:~2.1.34":
  version: 2.1.35
  resolution: "mime-types@npm:2.1.35"
  dependencies:
    mime-db: 1.52.0
  checksum: 89a5b7f1def9f3af5dad6496c5ed50191ae4331cc5389d7c521c8ad28d5fdad2d06fd81baf38fed813dc4e46bb55c8145bb0ff406330818c9cf712fb2e9b3836
  languageName: node
  linkType: hard

"ms@npm:2.1.2":
  version: 2.1.2
  resolution: "ms@npm:2.1.2"
  checksum: 673cdb2c3133eb050c745908d8ce632ed2c02d85640e2edb3ace856a2266a813b30c613569bf3354fdf4ea7d1a1494add3bfa95e2713baa27d0c2c71fc44f58f
  languageName: node
  linkType: hard

"negotiator@npm:0.6.3":
  version: 0.6.3
  resolution: "negotiator@npm:0.6.3"
  checksum: b8ffeb1e262eff7968fc90a2b6767b04cfd9842582a9d0ece0af7049537266e7b2506dfb1d107a32f06dd849ab2aea834d5830f7f4d0e5cb7d36e1ae55d021d9
  languageName: node
  linkType: hard

"object-assign@npm:^4":
  version: 4.1.1
  resolution: "object-assign@npm:4.1.1"
  checksum: fcc6e4ea8c7fe48abfbb552578b1c53e0d194086e2e6bbbf59e0a536381a292f39943c6e9628af05b5528aa5e3318bb30d6b2e53cadaf5b8fe9e12c4b69af23f
  languageName: node
  linkType: hard

"socket.io-adapter@npm:~2.5.2":
  version: 2.5.2
  resolution: "socket.io-adapter@npm:2.5.2"
  dependencies:
    ws: ~8.11.0
  checksum: 481251c3547221e57eb5cb247d0b1a3cde4d152a4c1c9051cc887345a7770e59f3b47f1011cac4499e833f01fcfc301ed13c4ec6e72f7dbb48a476375a6344cd
  languageName: node
  linkType: hard

"socket.io-parser@npm:~4.2.1":
  version: 4.2.2
  resolution: "socket.io-parser@npm:4.2.2"
  dependencies:
    "@socket.io/component-emitter": ~3.1.0
    debug: ~4.3.1
  checksum: ba929645cb252e23d9800f00c77092480d07cc5d6c97a5d11f515ef636870ea5b3ad6f62b7ba6147b4d703efc92588064f5638a0a0841c8530e4ac50c4b1197a
  languageName: node
  linkType: hard

"socket.io@npm:^4.6.1":
  version: 4.6.1
  resolution: "socket.io@npm:4.6.1"
  dependencies:
    accepts: ~1.3.4
    base64id: ~2.0.0
    debug: ~4.3.2
    engine.io: ~6.4.1
    socket.io-adapter: ~2.5.2
    socket.io-parser: ~4.2.1
  checksum: 447941727142669b3709c3ae59ed790a2c3ad312d935400e2e25fdf59a95cdc92ebcf6b000ab2042a2a77ae51bb87598b40845a8d3b1f6ea6a0dd1df9c8f8459
  languageName: node
  linkType: hard

"vary@npm:^1":
  version: 1.1.2
  resolution: "vary@npm:1.1.2"
  checksum: ae0123222c6df65b437669d63dfa8c36cee20a504101b2fcd97b8bf76f91259c17f9f2b4d70a1e3c6bbcee7f51b28392833adb6b2770b23b01abec84e369660b
  languageName: node
  linkType: hard

"ws@npm:~8.11.0":
  version: 8.11.0
  resolution: "ws@npm:8.11.0"
  peerDependencies:
    bufferutil: ^4.0.1
    utf-8-validate: ^5.0.2
  peerDependenciesMeta:
    bufferutil:
      optional: true
    utf-8-validate:
      optional: true
  checksum: 316b33aba32f317cd217df66dbfc5b281a2f09ff36815de222bc859e3424d83766d9eb2bd4d667de658b6ab7be151f258318fb1da812416b30be13103e5b5c67
  languageName: node
  linkType: hard
